
Microsoft Visual Studio Solution File, Format Version 12.00
# Visual Studio 15
VisualStudioVersion = 15.0.28307.705
MinimumVisualStudioVersion = 10.0.40219.1
Project("{8BC9CEB8-8B4A-11D0-8D11-00A0C91BC942}") = "cloth", "cloth\cloth.vcxproj", "{467DECE5-92B3-465D-9DDB-B15EC3E1FF4C}"
EndProject
Global
	GlobalSection(SolutionConfigurationPlatforms) = preSolution
		Debug|Win32 = Debug|Win32
		Release|Win32 = Release|Win32
	EndGlobalSection
	GlobalSection(ProjectConfigurationPlatforms) = postSolution
		{467DECE5-92B3-465D-9DDB-B15EC3E1FF4C}.Debug|Win32.ActiveCfg = Debug|Win32
		{467DECE5-92B3-465D-9DDB-B15EC3E1FF4C}.Debug|Win32.Build.0 = Debug|Win32
		{467DECE5-92B3-465D-9DDB-B15EC3E1FF4C}.Release|Win32.ActiveCfg = Release|Win32
		{467DECE5-92B3-465D-9DDB-B15EC3E1FF4C}.Release|Win32.Build.0 = Release|Win32
	EndGlobalSection
	GlobalSection(SolutionProperties) = preSolution
		HideSolutionNode = FALSE
	EndGlobalSection
	GlobalSection(ExtensibilityGlobals) = postSolution
		SolutionGuid = {A977E33F-6F5B-4D0F-B916-C706278CB659}
	EndGlobalSection
EndGlobal
