<?xml version="1.0" encoding="utf-8"?>
<Project ToolsVersion="4.0" xmlns="http://schemas.microsoft.com/developer/msbuild/2003">
  <ItemGroup>
    <Filter Include="Resource Files">
      <UniqueIdentifier>{67DA6AB6-F800-4c08-8B7A-83BB121AAD01}</UniqueIdentifier>
      <Extensions>rc;ico;cur;bmp;dlg;rc2;rct;bin;rgs;gif;jpg;jpeg;jpe;resx;tiff;tif;png;wav</Extensions>
    </Filter>
    <Filter Include="core">
      <UniqueIdentifier>{b37a4d43-863d-4ecf-adfc-7fd4f6da09d9}</UniqueIdentifier>
    </Filter>
  </ItemGroup>
  <ItemGroup>
    <ClInclude Include="src\core\Particle.h">
      <Filter>core</Filter>
    </ClInclude>
    <ClInclude Include="src\core\Plane.h">
      <Filter>core</Filter>
    </ClInclude>
    <ClInclude Include="src\core\Simulator.h">
      <Filter>core</Filter>
    </ClInclude>
    <ClInclude Include="src\core\Spring.h">
      <Filter>core</Filter>
    </ClInclude>
    <ClInclude Include="src\core\Triangle.h">
      <Filter>core</Filter>
    </ClInclude>
    <ClInclude Include="src\core\Cloth.h">
      <Filter>core</Filter>
    </ClInclude>
  </ItemGroup>
  <ItemGroup>
    <ClCompile Include="src\core\Plane.cpp">
      <Filter>core</Filter>
    </ClCompile>
    <ClCompile Include="src\core\Simulator.cpp">
      <Filter>core</Filter>
    </ClCompile>
    <ClCompile Include="src\core\Spring.cpp">
      <Filter>core</Filter>
    </ClCompile>
    <ClCompile Include="src\core\Triangle.cpp">
      <Filter>core</Filter>
    </ClCompile>
    <ClCompile Include="src\core\Cloth.cpp">
      <Filter>core</Filter>
    </ClCompile>
    <ClCompile Include="src\main.cpp" />
  </ItemGroup>
</Project>